
Microsoft Visual Studio Solution File, Format Version 12.00
# Visual Studio Version 17
VisualStudioVersion = 17.0.31903.59
MinimumVisualStudioVersion = 10.0.40219.1
Project("{2150E333-8FDC-42A3-9474-1A3956D46DE8}") = "src", "src", "{827E0CD3-B72D-47B6-A68D-7590B98EB39B}"
EndProject
Project("{FAE04EC0-301F-11D3-BF4B-00C04F79EFBC}") = "AlconMusicPlayer.Domain", "src\AlconMusicPlayer.Domain\AlconMusicPlayer.Domain.csproj", "{439B470C-B388-46EB-90DF-B9F719F84E21}"
EndProject
Project("{FAE04EC0-301F-11D3-BF4B-00C04F79EFBC}") = "AlconMusicPlayer.ApplicationService", "src\AlconMusicPlayer.ApplicationService\AlconMusicPlayer.ApplicationService.csproj", "{76A2F64A-590C-4862-AC12-04D5CFCF432A}"
EndProject
Project("{FAE04EC0-301F-11D3-BF4B-00C04F79EFBC}") = "AlconMusicPlayer.Infra", "src\AlconMusicPlayer.Infra\AlconMusicPlayer.Infra.csproj", "{4EC458F6-19D2-4D88-ABDF-1FB67A9E48FA}"
EndProject
Project("{FAE04EC0-301F-11D3-BF4B-00C04F79EFBC}") = "AlconMusicPlayer.WPF", "src\AlconMusicPlayer.WPF\AlconMusicPlayer.WPF.csproj", "{C27FE1EF-5A69-4C8D-9B72-DDE66AB38E01}"
EndProject
Project("{2150E333-8FDC-42A3-9474-1A3956D46DE8}") = "tests", "tests", "{0AB3BF05-4346-4AA6-1389-037BE0695223}"
EndProject
Project("{FAE04EC0-301F-11D3-BF4B-00C04F79EFBC}") = "AlconMusicPlayer.Domain.Tests", "tests\AlconMusicPlayer.Domain.Tests\AlconMusicPlayer.Domain.Tests.csproj", "{BB20287E-F74F-43FD-A858-0AB1F431CB3A}"
EndProject
Project("{FAE04EC0-301F-11D3-BF4B-00C04F79EFBC}") = "AlconMusicPlayer.ApplicationService.Tests", "tests\AlconMusicPlayer.ApplicationService.Tests\AlconMusicPlayer.ApplicationService.Tests.csproj", "{6E8D9A01-A5C5-4E5C-857B-5879DD8D5F62}"
EndProject
Project("{FAE04EC0-301F-11D3-BF4B-00C04F79EFBC}") = "AlconMusicPlayer.Infra.Tests", "tests\AlconMusicPlayer.Infra.Tests\AlconMusicPlayer.Infra.Tests.csproj", "{4DC7D674-A2CC-4DED-B0D3-D1E21EA5DA57}"
EndProject
Project("{FAE04EC0-301F-11D3-BF4B-00C04F79EFBC}") = "AlconMusicPlayer.WPF.Tests", "tests\AlconMusicPlayer.WPF.Tests\AlconMusicPlayer.WPF.Tests.csproj", "{9C705D7C-1D74-4D73-925C-5D1805AB74C1}"
EndProject
Global
	GlobalSection(SolutionConfigurationPlatforms) = preSolution
		Debug|Any CPU = Debug|Any CPU
		Debug|x64 = Debug|x64
		Debug|x86 = Debug|x86
		Release|Any CPU = Release|Any CPU
		Release|x64 = Release|x64
		Release|x86 = Release|x86
	EndGlobalSection
	GlobalSection(ProjectConfigurationPlatforms) = postSolution
		{439B470C-B388-46EB-90DF-B9F719F84E21}.Debug|Any CPU.ActiveCfg = Debug|Any CPU
		{439B470C-B388-46EB-90DF-B9F719F84E21}.Debug|Any CPU.Build.0 = Debug|Any CPU
		{439B470C-B388-46EB-90DF-B9F719F84E21}.Debug|x64.ActiveCfg = Debug|Any CPU
		{439B470C-B388-46EB-90DF-B9F719F84E21}.Debug|x64.Build.0 = Debug|Any CPU
		{439B470C-B388-46EB-90DF-B9F719F84E21}.Debug|x86.ActiveCfg = Debug|Any CPU
		{439B470C-B388-46EB-90DF-B9F719F84E21}.Debug|x86.Build.0 = Debug|Any CPU
		{439B470C-B388-46EB-90DF-B9F719F84E21}.Release|Any CPU.ActiveCfg = Release|Any CPU
		{439B470C-B388-46EB-90DF-B9F719F84E21}.Release|Any CPU.Build.0 = Release|Any CPU
		{439B470C-B388-46EB-90DF-B9F719F84E21}.Release|x64.ActiveCfg = Release|Any CPU
		{439B470C-B388-46EB-90DF-B9F719F84E21}.Release|x64.Build.0 = Release|Any CPU
		{439B470C-B388-46EB-90DF-B9F719F84E21}.Release|x86.ActiveCfg = Release|Any CPU
		{439B470C-B388-46EB-90DF-B9F719F84E21}.Release|x86.Build.0 = Release|Any CPU
		{76A2F64A-590C-4862-AC12-04D5CFCF432A}.Debug|Any CPU.ActiveCfg = Debug|Any CPU
		{76A2F64A-590C-4862-AC12-04D5CFCF432A}.Debug|Any CPU.Build.0 = Debug|Any CPU
		{76A2F64A-590C-4862-AC12-04D5CFCF432A}.Debug|x64.ActiveCfg = Debug|Any CPU
		{76A2F64A-590C-4862-AC12-04D5CFCF432A}.Debug|x64.Build.0 = Debug|Any CPU
		{76A2F64A-590C-4862-AC12-04D5CFCF432A}.Debug|x86.ActiveCfg = Debug|Any CPU
		{76A2F64A-590C-4862-AC12-04D5CFCF432A}.Debug|x86.Build.0 = Debug|Any CPU
		{76A2F64A-590C-4862-AC12-04D5CFCF432A}.Release|Any CPU.ActiveCfg = Release|Any CPU
		{76A2F64A-590C-4862-AC12-04D5CFCF432A}.Release|Any CPU.Build.0 = Release|Any CPU
		{76A2F64A-590C-4862-AC12-04D5CFCF432A}.Release|x64.ActiveCfg = Release|Any CPU
		{76A2F64A-590C-4862-AC12-04D5CFCF432A}.Release|x64.Build.0 = Release|Any CPU
		{76A2F64A-590C-4862-AC12-04D5CFCF432A}.Release|x86.ActiveCfg = Release|Any CPU
		{76A2F64A-590C-4862-AC12-04D5CFCF432A}.Release|x86.Build.0 = Release|Any CPU
		{4EC458F6-19D2-4D88-ABDF-1FB67A9E48FA}.Debug|Any CPU.ActiveCfg = Debug|Any CPU
		{4EC458F6-19D2-4D88-ABDF-1FB67A9E48FA}.Debug|Any CPU.Build.0 = Debug|Any CPU
		{4EC458F6-19D2-4D88-ABDF-1FB67A9E48FA}.Debug|x64.ActiveCfg = Debug|Any CPU
		{4EC458F6-19D2-4D88-ABDF-1FB67A9E48FA}.Debug|x64.Build.0 = Debug|Any CPU
		{4EC458F6-19D2-4D88-ABDF-1FB67A9E48FA}.Debug|x86.ActiveCfg = Debug|Any CPU
		{4EC458F6-19D2-4D88-ABDF-1FB67A9E48FA}.Debug|x86.Build.0 = Debug|Any CPU
		{4EC458F6-19D2-4D88-ABDF-1FB67A9E48FA}.Release|Any CPU.ActiveCfg = Release|Any CPU
		{4EC458F6-19D2-4D88-ABDF-1FB67A9E48FA}.Release|Any CPU.Build.0 = Release|Any CPU
		{4EC458F6-19D2-4D88-ABDF-1FB67A9E48FA}.Release|x64.ActiveCfg = Release|Any CPU
		{4EC458F6-19D2-4D88-ABDF-1FB67A9E48FA}.Release|x64.Build.0 = Release|Any CPU
		{4EC458F6-19D2-4D88-ABDF-1FB67A9E48FA}.Release|x86.ActiveCfg = Release|Any CPU
		{4EC458F6-19D2-4D88-ABDF-1FB67A9E48FA}.Release|x86.Build.0 = Release|Any CPU
		{C27FE1EF-5A69-4C8D-9B72-DDE66AB38E01}.Debug|Any CPU.ActiveCfg = Debug|Any CPU
		{C27FE1EF-5A69-4C8D-9B72-DDE66AB38E01}.Debug|Any CPU.Build.0 = Debug|Any CPU
		{C27FE1EF-5A69-4C8D-9B72-DDE66AB38E01}.Debug|x64.ActiveCfg = Debug|Any CPU
		{C27FE1EF-5A69-4C8D-9B72-DDE66AB38E01}.Debug|x64.Build.0 = Debug|Any CPU
		{C27FE1EF-5A69-4C8D-9B72-DDE66AB38E01}.Debug|x86.ActiveCfg = Debug|Any CPU
		{C27FE1EF-5A69-4C8D-9B72-DDE66AB38E01}.Debug|x86.Build.0 = Debug|Any CPU
		{C27FE1EF-5A69-4C8D-9B72-DDE66AB38E01}.Release|Any CPU.ActiveCfg = Release|Any CPU
		{C27FE1EF-5A69-4C8D-9B72-DDE66AB38E01}.Release|Any CPU.Build.0 = Release|Any CPU
		{C27FE1EF-5A69-4C8D-9B72-DDE66AB38E01}.Release|x64.ActiveCfg = Release|Any CPU
		{C27FE1EF-5A69-4C8D-9B72-DDE66AB38E01}.Release|x64.Build.0 = Release|Any CPU
		{C27FE1EF-5A69-4C8D-9B72-DDE66AB38E01}.Release|x86.ActiveCfg = Release|Any CPU
		{C27FE1EF-5A69-4C8D-9B72-DDE66AB38E01}.Release|x86.Build.0 = Release|Any CPU
		{BB20287E-F74F-43FD-A858-0AB1F431CB3A}.Debug|Any CPU.ActiveCfg = Debug|Any CPU
		{BB20287E-F74F-43FD-A858-0AB1F431CB3A}.Debug|Any CPU.Build.0 = Debug|Any CPU
		{BB20287E-F74F-43FD-A858-0AB1F431CB3A}.Debug|x64.ActiveCfg = Debug|Any CPU
		{BB20287E-F74F-43FD-A858-0AB1F431CB3A}.Debug|x64.Build.0 = Debug|Any CPU
		{BB20287E-F74F-43FD-A858-0AB1F431CB3A}.Debug|x86.ActiveCfg = Debug|Any CPU
		{BB20287E-F74F-43FD-A858-0AB1F431CB3A}.Debug|x86.Build.0 = Debug|Any CPU
		{BB20287E-F74F-43FD-A858-0AB1F431CB3A}.Release|Any CPU.ActiveCfg = Release|Any CPU
		{BB20287E-F74F-43FD-A858-0AB1F431CB3A}.Release|Any CPU.Build.0 = Release|Any CPU
		{BB20287E-F74F-43FD-A858-0AB1F431CB3A}.Release|x64.ActiveCfg = Release|Any CPU
		{BB20287E-F74F-43FD-A858-0AB1F431CB3A}.Release|x64.Build.0 = Release|Any CPU
		{BB20287E-F74F-43FD-A858-0AB1F431CB3A}.Release|x86.ActiveCfg = Release|Any CPU
		{BB20287E-F74F-43FD-A858-0AB1F431CB3A}.Release|x86.Build.0 = Release|Any CPU
		{6E8D9A01-A5C5-4E5C-857B-5879DD8D5F62}.Debug|Any CPU.ActiveCfg = Debug|Any CPU
		{6E8D9A01-A5C5-4E5C-857B-5879DD8D5F62}.Debug|Any CPU.Build.0 = Debug|Any CPU
		{6E8D9A01-A5C5-4E5C-857B-5879DD8D5F62}.Debug|x64.ActiveCfg = Debug|Any CPU
		{6E8D9A01-A5C5-4E5C-857B-5879DD8D5F62}.Debug|x64.Build.0 = Debug|Any CPU
		{6E8D9A01-A5C5-4E5C-857B-5879DD8D5F62}.Debug|x86.ActiveCfg = Debug|Any CPU
		{6E8D9A01-A5C5-4E5C-857B-5879DD8D5F62}.Debug|x86.Build.0 = Debug|Any CPU
		{6E8D9A01-A5C5-4E5C-857B-5879DD8D5F62}.Release|Any CPU.ActiveCfg = Release|Any CPU
		{6E8D9A01-A5C5-4E5C-857B-5879DD8D5F62}.Release|Any CPU.Build.0 = Release|Any CPU
		{6E8D9A01-A5C5-4E5C-857B-5879DD8D5F62}.Release|x64.ActiveCfg = Release|Any CPU
		{6E8D9A01-A5C5-4E5C-857B-5879DD8D5F62}.Release|x64.Build.0 = Release|Any CPU
		{6E8D9A01-A5C5-4E5C-857B-5879DD8D5F62}.Release|x86.ActiveCfg = Release|Any CPU
		{6E8D9A01-A5C5-4E5C-857B-5879DD8D5F62}.Release|x86.Build.0 = Release|Any CPU
		{4DC7D674-A2CC-4DED-B0D3-D1E21EA5DA57}.Debug|Any CPU.ActiveCfg = Debug|Any CPU
		{4DC7D674-A2CC-4DED-B0D3-D1E21EA5DA57}.Debug|Any CPU.Build.0 = Debug|Any CPU
		{4DC7D674-A2CC-4DED-B0D3-D1E21EA5DA57}.Debug|x64.ActiveCfg = Debug|Any CPU
		{4DC7D674-A2CC-4DED-B0D3-D1E21EA5DA57}.Debug|x64.Build.0 = Debug|Any CPU
		{4DC7D674-A2CC-4DED-B0D3-D1E21EA5DA57}.Debug|x86.ActiveCfg = Debug|Any CPU
		{4DC7D674-A2CC-4DED-B0D3-D1E21EA5DA57}.Debug|x86.Build.0 = Debug|Any CPU
		{4DC7D674-A2CC-4DED-B0D3-D1E21EA5DA57}.Release|Any CPU.ActiveCfg = Release|Any CPU
		{4DC7D674-A2CC-4DED-B0D3-D1E21EA5DA57}.Release|Any CPU.Build.0 = Release|Any CPU
		{4DC7D674-A2CC-4DED-B0D3-D1E21EA5DA57}.Release|x64.ActiveCfg = Release|Any CPU
		{4DC7D674-A2CC-4DED-B0D3-D1E21EA5DA57}.Release|x64.Build.0 = Release|Any CPU
		{4DC7D674-A2CC-4DED-B0D3-D1E21EA5DA57}.Release|x86.ActiveCfg = Release|Any CPU
		{4DC7D674-A2CC-4DED-B0D3-D1E21EA5DA57}.Release|x86.Build.0 = Release|Any CPU
		{9C705D7C-1D74-4D73-925C-5D1805AB74C1}.Debug|Any CPU.ActiveCfg = Debug|Any CPU
		{9C705D7C-1D74-4D73-925C-5D1805AB74C1}.Debug|Any CPU.Build.0 = Debug|Any CPU
		{9C705D7C-1D74-4D73-925C-5D1805AB74C1}.Debug|x64.ActiveCfg = Debug|Any CPU
		{9C705D7C-1D74-4D73-925C-5D1805AB74C1}.Debug|x64.Build.0 = Debug|Any CPU
		{9C705D7C-1D74-4D73-925C-5D1805AB74C1}.Debug|x86.ActiveCfg = Debug|Any CPU
		{9C705D7C-1D74-4D73-925C-5D1805AB74C1}.Debug|x86.Build.0 = Debug|Any CPU
		{9C705D7C-1D74-4D73-925C-5D1805AB74C1}.Release|Any CPU.ActiveCfg = Release|Any CPU
		{9C705D7C-1D74-4D73-925C-5D1805AB74C1}.Release|Any CPU.Build.0 = Release|Any CPU
		{9C705D7C-1D74-4D73-925C-5D1805AB74C1}.Release|x64.ActiveCfg = Release|Any CPU
		{9C705D7C-1D74-4D73-925C-5D1805AB74C1}.Release|x64.Build.0 = Release|Any CPU
		{9C705D7C-1D74-4D73-925C-5D1805AB74C1}.Release|x86.ActiveCfg = Release|Any CPU
		{9C705D7C-1D74-4D73-925C-5D1805AB74C1}.Release|x86.Build.0 = Release|Any CPU
	EndGlobalSection
	GlobalSection(SolutionProperties) = preSolution
		HideSolutionNode = FALSE
	EndGlobalSection
	GlobalSection(NestedProjects) = preSolution
		{439B470C-B388-46EB-90DF-B9F719F84E21} = {827E0CD3-B72D-47B6-A68D-7590B98EB39B}
		{76A2F64A-590C-4862-AC12-04D5CFCF432A} = {827E0CD3-B72D-47B6-A68D-7590B98EB39B}
		{4EC458F6-19D2-4D88-ABDF-1FB67A9E48FA} = {827E0CD3-B72D-47B6-A68D-7590B98EB39B}
		{C27FE1EF-5A69-4C8D-9B72-DDE66AB38E01} = {827E0CD3-B72D-47B6-A68D-7590B98EB39B}
		{BB20287E-F74F-43FD-A858-0AB1F431CB3A} = {0AB3BF05-4346-4AA6-1389-037BE0695223}
		{6E8D9A01-A5C5-4E5C-857B-5879DD8D5F62} = {0AB3BF05-4346-4AA6-1389-037BE0695223}
		{4DC7D674-A2CC-4DED-B0D3-D1E21EA5DA57} = {0AB3BF05-4346-4AA6-1389-037BE0695223}
		{9C705D7C-1D74-4D73-925C-5D1805AB74C1} = {0AB3BF05-4346-4AA6-1389-037BE0695223}
	EndGlobalSection
	GlobalSection(ExtensibilityGlobals) = postSolution
		SolutionGuid = {0D4B9378-B646-4EC8-80A1-7B97C570C8E0}
	EndGlobalSection
EndGlobal
